
Microsoft Visual Studio Solution File, Format Version 12.00
# Visual Studio 15
VisualStudioVersion = 15.0.26730.12
MinimumVisualStudioVersion = 10.0.40219.1
Project("{888888A0-9F3D-457C-B088-3A5042F75D52}") = "Minecraft_csv-viewer", "Minecraft_csv-viewer.pyproj", "{02418E51-60C5-48C5-8823-9D389887123C}"
EndProject
Global
	GlobalSection(SolutionConfigurationPlatforms) = preSolution
		Debug|Any CPU = Debug|Any CPU
		Release|Any CPU = Release|Any CPU
	EndGlobalSection
	GlobalSection(ProjectConfigurationPlatforms) = postSolution
		{02418E51-60C5-48C5-8823-9D389887123C}.Debug|Any CPU.ActiveCfg = Debug|Any CPU
		{02418E51-60C5-48C5-8823-9D389887123C}.Release|Any CPU.ActiveCfg = Release|Any CPU
	EndGlobalSection
	GlobalSection(SolutionProperties) = preSolution
		HideSolutionNode = FALSE
	EndGlobalSection
	GlobalSection(ExtensibilityGlobals) = postSolution
		SolutionGuid = {5B7E52B3-698B-4CC4-866B-9C29D648BB68}
	EndGlobalSection
EndGlobal
